
Microsoft Visual Studio Solution File, Format Version 12.00
# Visual Studio 15
VisualStudioVersion = 15.0.27130.2010
MinimumVisualStudioVersion = 10.0.40219.1
Project("{FAE04EC0-301F-11D3-BF4B-00C04F79EFBC}") = "DictionairesPracticeSpring18", "DictionairesPracticeSpring18\DictionairesPracticeSpring18.csproj", "{ED88D5B0-D4F8-4000-86C2-0F7CE878099E}"
EndProject
Global
	GlobalSection(SolutionConfigurationPlatforms) = preSolution
		Debug|Any CPU = Debug|Any CPU
		Release|Any CPU = Release|Any CPU
	EndGlobalSection
	GlobalSection(ProjectConfigurationPlatforms) = postSolution
		{ED88D5B0-D4F8-4000-86C2-0F7CE878099E}.Debug|Any CPU.ActiveCfg = Debug|Any CPU
		{ED88D5B0-D4F8-4000-86C2-0F7CE878099E}.Debug|Any CPU.Build.0 = Debug|Any CPU
		{ED88D5B0-D4F8-4000-86C2-0F7CE878099E}.Release|Any CPU.ActiveCfg = Release|Any CPU
		{ED88D5B0-D4F8-4000-86C2-0F7CE878099E}.Release|Any CPU.Build.0 = Release|Any CPU
	EndGlobalSection
	GlobalSection(SolutionProperties) = preSolution
		HideSolutionNode = FALSE
	EndGlobalSection
	GlobalSection(ExtensibilityGlobals) = postSolution
		SolutionGuid = {7BC46DF7-08C7-417F-8BF7-3EB93303A26E}
	EndGlobalSection
EndGlobal
